
Microsoft Visual Studio Solution File, Format Version 12.00
# Visual Studio Version 16
VisualStudioVersion = 16.0.31005.135
MinimumVisualStudioVersion = 10.0.40219.1
Project("{FAE04EC0-301F-11D3-BF4B-00C04F79EFBC}") = "DemoMVC", "DemoMVC\DemoMVC.csproj", "{7E8835EA-2BDD-4204-8532-A77834DE06D9}"
EndProject
Global
	GlobalSection(SolutionConfigurationPlatforms) = preSolution
		Debug|Any CPU = Debug|Any CPU
		Release|Any CPU = Release|Any CPU
	EndGlobalSection
	GlobalSection(ProjectConfigurationPlatforms) = postSolution
		{7E8835EA-2BDD-4204-8532-A77834DE06D9}.Debug|Any CPU.ActiveCfg = Debug|Any CPU
		{7E8835EA-2BDD-4204-8532-A77834DE06D9}.Debug|Any CPU.Build.0 = Debug|Any CPU
		{7E8835EA-2BDD-4204-8532-A77834DE06D9}.Release|Any CPU.ActiveCfg = Release|Any CPU
		{7E8835EA-2BDD-4204-8532-A77834DE06D9}.Release|Any CPU.Build.0 = Release|Any CPU
	EndGlobalSection
	GlobalSection(SolutionProperties) = preSolution
		HideSolutionNode = FALSE
	EndGlobalSection
	GlobalSection(ExtensibilityGlobals) = postSolution
		SolutionGuid = {5D0997EF-3B91-4A76-AE5F-24E11F5EC722}
	EndGlobalSection
EndGlobal
